
Microsoft Visual Studio Solution File, Format Version 12.00
# Visual Studio Version 16
VisualStudioVersion = 16.0.31112.23
MinimumVisualStudioVersion = 10.0.40219.1
Project("{FAE04EC0-301F-11D3-BF4B-00C04F79EFBC}") = "Calculator", "Calculator\Calculator.csproj", "{74A79006-C290-46A3-8EE8-D550B2459B0F}"
EndProject
Global
	GlobalSection(SolutionConfigurationPlatforms) = preSolution
		Debug|Any CPU = Debug|Any CPU
		Release|Any CPU = Release|Any CPU
	EndGlobalSection
	GlobalSection(ProjectConfigurationPlatforms) = postSolution
		{74A79006-C290-46A3-8EE8-D550B2459B0F}.Debug|Any CPU.ActiveCfg = Debug|Any CPU
		{74A79006-C290-46A3-8EE8-D550B2459B0F}.Debug|Any CPU.Build.0 = Debug|Any CPU
		{74A79006-C290-46A3-8EE8-D550B2459B0F}.Release|Any CPU.ActiveCfg = Release|Any CPU
		{74A79006-C290-46A3-8EE8-D550B2459B0F}.Release|Any CPU.Build.0 = Release|Any CPU
	EndGlobalSection
	GlobalSection(SolutionProperties) = preSolution
		HideSolutionNode = FALSE
	EndGlobalSection
	GlobalSection(ExtensibilityGlobals) = postSolution
		SolutionGuid = {07D5664E-2A4E-476F-A137-126727154A7C}
	EndGlobalSection
EndGlobal
